
Microsoft Visual Studio Solution File, Format Version 12.00
# Visual Studio Version 16
VisualStudioVersion = 16.0.30011.22
MinimumVisualStudioVersion = 10.0.40219.1
Project("{8BC9CEB8-8B4A-11D0-8D11-00A0C91BC942}") = "phi", "phi\phi.vcxproj", "{34266741-ECF8-4760-9FB6-93D4854C54BF}"
EndProject
Global
	GlobalSection(SolutionConfigurationPlatforms) = preSolution
		Debug|x64 = Debug|x64
		Debug|x86 = Debug|x86
		Release|x64 = Release|x64
		Release|x86 = Release|x86
	EndGlobalSection
	GlobalSection(ProjectConfigurationPlatforms) = postSolution
		{34266741-ECF8-4760-9FB6-93D4854C54BF}.Debug|x64.ActiveCfg = Debug|x64
		{34266741-ECF8-4760-9FB6-93D4854C54BF}.Debug|x64.Build.0 = Debug|x64
		{34266741-ECF8-4760-9FB6-93D4854C54BF}.Debug|x86.ActiveCfg = Debug|Win32
		{34266741-ECF8-4760-9FB6-93D4854C54BF}.Debug|x86.Build.0 = Debug|Win32
		{34266741-ECF8-4760-9FB6-93D4854C54BF}.Release|x64.ActiveCfg = Release|x64
		{34266741-ECF8-4760-9FB6-93D4854C54BF}.Release|x64.Build.0 = Release|x64
		{34266741-ECF8-4760-9FB6-93D4854C54BF}.Release|x86.ActiveCfg = Release|Win32
		{34266741-ECF8-4760-9FB6-93D4854C54BF}.Release|x86.Build.0 = Release|Win32
	EndGlobalSection
	GlobalSection(SolutionProperties) = preSolution
		HideSolutionNode = FALSE
	EndGlobalSection
	GlobalSection(ExtensibilityGlobals) = postSolution
		SolutionGuid = {D5354119-CA28-4164-ADBB-78F7D92F2D0E}
	EndGlobalSection
EndGlobal
